
Microsoft Visual Studio Solution File, Format Version 12.00
# Visual Studio 14
VisualStudioVersion = 14.0.25420.1
MinimumVisualStudioVersion = 10.0.40219.1
Project("{FAE04EC0-301F-11D3-BF4B-00C04F79EFBC}") = "MedicineRentalStore", "MedicineRentalStore\MedicineRentalStore.csproj", "{EBC6A236-C568-474D-BAEB-B6ED64166914}"
EndProject
Global
	GlobalSection(SolutionConfigurationPlatforms) = preSolution
		Debug|Any CPU = Debug|Any CPU
		Release|Any CPU = Release|Any CPU
	EndGlobalSection
	GlobalSection(ProjectConfigurationPlatforms) = postSolution
		{EBC6A236-C568-474D-BAEB-B6ED64166914}.Debug|Any CPU.ActiveCfg = Debug|Any CPU
		{EBC6A236-C568-474D-BAEB-B6ED64166914}.Debug|Any CPU.Build.0 = Debug|Any CPU
		{EBC6A236-C568-474D-BAEB-B6ED64166914}.Release|Any CPU.ActiveCfg = Release|Any CPU
		{EBC6A236-C568-474D-BAEB-B6ED64166914}.Release|Any CPU.Build.0 = Release|Any CPU
	EndGlobalSection
	GlobalSection(SolutionProperties) = preSolution
		HideSolutionNode = FALSE
	EndGlobalSection
EndGlobal
